
Microsoft Visual Studio Solution File, Format Version 12.00
# Visual Studio Version 17
VisualStudioVersion = 17.4.33103.184
MinimumVisualStudioVersion = 10.0.40219.1
Project("{FAE04EC0-301F-11D3-BF4B-00C04F79EFBC}") = "460457-Irharsy_Tara_Prasetya-ResponsiJuniorProject", "460457-Irharsy_Tara_Prasetya-ResponsiJuniorProject\460457-Irharsy_Tara_Prasetya-ResponsiJuniorProject.csproj", "{4564884F-541E-41C0-93B1-DB89E88FCDF9}"
EndProject
Global
	GlobalSection(SolutionConfigurationPlatforms) = preSolution
		Debug|Any CPU = Debug|Any CPU
		Release|Any CPU = Release|Any CPU
	EndGlobalSection
	GlobalSection(ProjectConfigurationPlatforms) = postSolution
		{4564884F-541E-41C0-93B1-DB89E88FCDF9}.Debug|Any CPU.ActiveCfg = Debug|Any CPU
		{4564884F-541E-41C0-93B1-DB89E88FCDF9}.Debug|Any CPU.Build.0 = Debug|Any CPU
		{4564884F-541E-41C0-93B1-DB89E88FCDF9}.Release|Any CPU.ActiveCfg = Release|Any CPU
		{4564884F-541E-41C0-93B1-DB89E88FCDF9}.Release|Any CPU.Build.0 = Release|Any CPU
	EndGlobalSection
	GlobalSection(SolutionProperties) = preSolution
		HideSolutionNode = FALSE
	EndGlobalSection
	GlobalSection(ExtensibilityGlobals) = postSolution
		SolutionGuid = {112FE1F6-AF51-445A-A41B-D58E09779DFB}
	EndGlobalSection
EndGlobal
